
Microsoft Visual Studio Solution File, Format Version 12.00
# Visual Studio Version 17
VisualStudioVersion = 17.6.33723.286
MinimumVisualStudioVersion = 10.0.40219.1
Project("{888888A0-9F3D-457C-B088-3A5042F75D52}") = "Bai_001", "Bai_001\Bai_001.pyproj", "{7B2B5B49-1384-46E1-810C-B48FD3C1053D}"
EndProject
Project("{888888A0-9F3D-457C-B088-3A5042F75D52}") = "Bai_007", "Bai_007\Bai_007.pyproj", "{4EF6BDA6-4672-43F5-96E3-92594561BDD7}"
EndProject
Project("{888888A0-9F3D-457C-B088-3A5042F75D52}") = "Bai_013", "Bai_013\Bai_013.pyproj", "{3DCC71B6-FF39-4DA1-92A6-CAD4835A7CF4}"
EndProject
Project("{888888A0-9F3D-457C-B088-3A5042F75D52}") = "Bai_019", "Bai_019\Bai_019.pyproj", "{2843D735-66D0-4EA2-9DCA-8C696EA44B72}"
EndProject
Project("{888888A0-9F3D-457C-B088-3A5042F75D52}") = "Bai_025", "Bai_025\Bai_025.pyproj", "{5E1CB6C0-BDDF-487C-A8CE-A8946EC0896E}"
EndProject
Project("{888888A0-9F3D-457C-B088-3A5042F75D52}") = "Bai_031", "Bai_031\Bai_031.pyproj", "{17CB1B4D-6FFE-42D4-9C34-9AAF612D7123}"
EndProject
Project("{888888A0-9F3D-457C-B088-3A5042F75D52}") = "Bai_037", "Bai_037\Bai_037.pyproj", "{47B5C0C4-A61B-4A13-933E-C49033BB3555}"
EndProject
Project("{888888A0-9F3D-457C-B088-3A5042F75D52}") = "Bai_043", "Bai_043\Bai_043.pyproj", "{CAA7AC41-0A58-4F4A-8EA3-2BD4F83EC33E}"
EndProject
Project("{888888A0-9F3D-457C-B088-3A5042F75D52}") = "Bai_049", "Bai_049\Bai_049.pyproj", "{2EF254AF-409A-436D-926E-4DB9E4AC2D9C}"
EndProject
Project("{888888A0-9F3D-457C-B088-3A5042F75D52}") = "Bai_055", "Bai_055\Bai_055.pyproj", "{A992198E-237F-4B16-8E43-CCCBCEAABD1F}"
EndProject
Project("{888888A0-9F3D-457C-B088-3A5042F75D52}") = "Bai_061", "Bai_061\Bai_061.pyproj", "{44F5DA63-225B-4644-9427-B5E0438E37F7}"
EndProject
Project("{888888A0-9F3D-457C-B088-3A5042F75D52}") = "Bai_067", "Bai_067\Bai_067.pyproj", "{723EE3F2-D149-4354-98F6-DBBCEA24F9AF}"
EndProject
Project("{888888A0-9F3D-457C-B088-3A5042F75D52}") = "Bai_073", "Bai073\Bai_073.pyproj", "{F223A535-DB88-42E1-B145-E7376E63EFE5}"
EndProject
Project("{888888A0-9F3D-457C-B088-3A5042F75D52}") = "Bai_079", "Bai_079\Bai_079.pyproj", "{50EE10D9-95F4-479A-B51B-E6AB082FA9C4}"
EndProject
Project("{888888A0-9F3D-457C-B088-3A5042F75D52}") = "Bai_085", "Bai085\Bai_085.pyproj", "{A8D7B1D9-B8AA-43BC-B247-DEB1DEA51D08}"
EndProject
Project("{888888A0-9F3D-457C-B088-3A5042F75D52}") = "Bai_091", "Bai_091\Bai_091.pyproj", "{851E6260-86A3-43AE-B685-3248B6CEABFB}"
EndProject
Project("{888888A0-9F3D-457C-B088-3A5042F75D52}") = "Bai_097", "Bai_097\Bai_097.pyproj", "{0BB852AC-D498-483C-9902-3BE4A729F9E3}"
EndProject
Project("{888888A0-9F3D-457C-B088-3A5042F75D52}") = "Bai_103", "Bai_103\Bai_103.pyproj", "{11ADC37C-3438-40C3-B0C0-9BCBA7F035CA}"
EndProject
Project("{888888A0-9F3D-457C-B088-3A5042F75D52}") = "Bai_109", "Bai_109\Bai_109.pyproj", "{A3083B07-3AA7-4AA5-8992-10BA2A5A982B}"
EndProject
Project("{888888A0-9F3D-457C-B088-3A5042F75D52}") = "Bai_115", "Bai_115\Bai_115.pyproj", "{EF98B2F8-58D3-449A-A05D-1B952FB13FA0}"
EndProject
Project("{888888A0-9F3D-457C-B088-3A5042F75D52}") = "Bai_121", "Bai_121\Bai_121.pyproj", "{CBE7A0DF-C920-4054-9B58-F0EFCFA53927}"
EndProject
Project("{888888A0-9F3D-457C-B088-3A5042F75D52}") = "Bai_127", "Bai_127\Bai_127.pyproj", "{291D6BD8-4270-442F-AB76-3A43CEDBF897}"
EndProject
Project("{888888A0-9F3D-457C-B088-3A5042F75D52}") = "Bai_133", "Bai_133\Bai_133.pyproj", "{20AF6569-5152-40EA-914C-17191B84E405}"
EndProject
Project("{888888A0-9F3D-457C-B088-3A5042F75D52}") = "Bai_139", "Bai_139\Bai_139.pyproj", "{A26CAD55-DF64-48A2-9C7E-2368FB8E2474}"
EndProject
Project("{888888A0-9F3D-457C-B088-3A5042F75D52}") = "Bai_145", "Bai_145\Bai_145.pyproj", "{33A4AC2E-F817-4D93-8025-01B24287EDA7}"
EndProject
Project("{888888A0-9F3D-457C-B088-3A5042F75D52}") = "Bai_151", "Bai_151\Bai_151.pyproj", "{F9F10B8D-A2CE-4403-A81E-E5DA09855C34}"
EndProject
Project("{888888A0-9F3D-457C-B088-3A5042F75D52}") = "Bai_157", "Bai_157\Bai_157.pyproj", "{3D2B8DA9-9E66-49A9-8590-195A89A7702C}"
EndProject
Project("{888888A0-9F3D-457C-B088-3A5042F75D52}") = "Bai_164", "Bai_164\Bai_164.pyproj", "{E4279A1A-757E-418D-89D2-E75520FB18E7}"
EndProject
Global
	GlobalSection(SolutionConfigurationPlatforms) = preSolution
		Debug|Any CPU = Debug|Any CPU
		Debug|x64 = Debug|x64
		Debug|x86 = Debug|x86
		Release|Any CPU = Release|Any CPU
		Release|x64 = Release|x64
		Release|x86 = Release|x86
	EndGlobalSection
	GlobalSection(ProjectConfigurationPlatforms) = postSolution
		{7B2B5B49-1384-46E1-810C-B48FD3C1053D}.Debug|Any CPU.ActiveCfg = Debug|Any CPU
		{7B2B5B49-1384-46E1-810C-B48FD3C1053D}.Debug|x64.ActiveCfg = Debug|Any CPU
		{7B2B5B49-1384-46E1-810C-B48FD3C1053D}.Debug|x86.ActiveCfg = Debug|Any CPU
		{7B2B5B49-1384-46E1-810C-B48FD3C1053D}.Release|Any CPU.ActiveCfg = Release|Any CPU
		{7B2B5B49-1384-46E1-810C-B48FD3C1053D}.Release|x64.ActiveCfg = Release|Any CPU
		{7B2B5B49-1384-46E1-810C-B48FD3C1053D}.Release|x86.ActiveCfg = Release|Any CPU
		{4EF6BDA6-4672-43F5-96E3-92594561BDD7}.Debug|Any CPU.ActiveCfg = Debug|Any CPU
		{4EF6BDA6-4672-43F5-96E3-92594561BDD7}.Debug|x64.ActiveCfg = Debug|Any CPU
		{4EF6BDA6-4672-43F5-96E3-92594561BDD7}.Debug|x86.ActiveCfg = Debug|Any CPU
		{4EF6BDA6-4672-43F5-96E3-92594561BDD7}.Release|Any CPU.ActiveCfg = Release|Any CPU
		{4EF6BDA6-4672-43F5-96E3-92594561BDD7}.Release|x64.ActiveCfg = Release|Any CPU
		{4EF6BDA6-4672-43F5-96E3-92594561BDD7}.Release|x86.ActiveCfg = Release|Any CPU
		{3DCC71B6-FF39-4DA1-92A6-CAD4835A7CF4}.Debug|Any CPU.ActiveCfg = Debug|Any CPU
		{3DCC71B6-FF39-4DA1-92A6-CAD4835A7CF4}.Debug|x64.ActiveCfg = Debug|Any CPU
		{3DCC71B6-FF39-4DA1-92A6-CAD4835A7CF4}.Debug|x86.ActiveCfg = Debug|Any CPU
		{3DCC71B6-FF39-4DA1-92A6-CAD4835A7CF4}.Release|Any CPU.ActiveCfg = Release|Any CPU
		{3DCC71B6-FF39-4DA1-92A6-CAD4835A7CF4}.Release|x64.ActiveCfg = Release|Any CPU
		{3DCC71B6-FF39-4DA1-92A6-CAD4835A7CF4}.Release|x86.ActiveCfg = Release|Any CPU
		{2843D735-66D0-4EA2-9DCA-8C696EA44B72}.Debug|Any CPU.ActiveCfg = Debug|Any CPU
		{2843D735-66D0-4EA2-9DCA-8C696EA44B72}.Debug|x64.ActiveCfg = Debug|Any CPU
		{2843D735-66D0-4EA2-9DCA-8C696EA44B72}.Debug|x86.ActiveCfg = Debug|Any CPU
		{2843D735-66D0-4EA2-9DCA-8C696EA44B72}.Release|Any CPU.ActiveCfg = Release|Any CPU
		{2843D735-66D0-4EA2-9DCA-8C696EA44B72}.Release|x64.ActiveCfg = Release|Any CPU
		{2843D735-66D0-4EA2-9DCA-8C696EA44B72}.Release|x86.ActiveCfg = Release|Any CPU
		{5E1CB6C0-BDDF-487C-A8CE-A8946EC0896E}.Debug|Any CPU.ActiveCfg = Debug|Any CPU
		{5E1CB6C0-BDDF-487C-A8CE-A8946EC0896E}.Debug|x64.ActiveCfg = Debug|Any CPU
		{5E1CB6C0-BDDF-487C-A8CE-A8946EC0896E}.Debug|x86.ActiveCfg = Debug|Any CPU
		{5E1CB6C0-BDDF-487C-A8CE-A8946EC0896E}.Release|Any CPU.ActiveCfg = Release|Any CPU
		{5E1CB6C0-BDDF-487C-A8CE-A8946EC0896E}.Release|x64.ActiveCfg = Release|Any CPU
		{5E1CB6C0-BDDF-487C-A8CE-A8946EC0896E}.Release|x86.ActiveCfg = Release|Any CPU
		{17CB1B4D-6FFE-42D4-9C34-9AAF612D7123}.Debug|Any CPU.ActiveCfg = Debug|Any CPU
		{17CB1B4D-6FFE-42D4-9C34-9AAF612D7123}.Debug|x64.ActiveCfg = Debug|Any CPU
		{17CB1B4D-6FFE-42D4-9C34-9AAF612D7123}.Debug|x86.ActiveCfg = Debug|Any CPU
		{17CB1B4D-6FFE-42D4-9C34-9AAF612D7123}.Release|Any CPU.ActiveCfg = Release|Any CPU
		{17CB1B4D-6FFE-42D4-9C34-9AAF612D7123}.Release|x64.ActiveCfg = Release|Any CPU
		{17CB1B4D-6FFE-42D4-9C34-9AAF612D7123}.Release|x86.ActiveCfg = Release|Any CPU
		{47B5C0C4-A61B-4A13-933E-C49033BB3555}.Debug|Any CPU.ActiveCfg = Debug|Any CPU
		{47B5C0C4-A61B-4A13-933E-C49033BB3555}.Debug|x64.ActiveCfg = Debug|Any CPU
		{47B5C0C4-A61B-4A13-933E-C49033BB3555}.Debug|x86.ActiveCfg = Debug|Any CPU
		{47B5C0C4-A61B-4A13-933E-C49033BB3555}.Release|Any CPU.ActiveCfg = Release|Any CPU
		{47B5C0C4-A61B-4A13-933E-C49033BB3555}.Release|x64.ActiveCfg = Release|Any CPU
		{47B5C0C4-A61B-4A13-933E-C49033BB3555}.Release|x86.ActiveCfg = Release|Any CPU
		{CAA7AC41-0A58-4F4A-8EA3-2BD4F83EC33E}.Debug|Any CPU.ActiveCfg = Debug|Any CPU
		{CAA7AC41-0A58-4F4A-8EA3-2BD4F83EC33E}.Debug|x64.ActiveCfg = Debug|Any CPU
		{CAA7AC41-0A58-4F4A-8EA3-2BD4F83EC33E}.Debug|x86.ActiveCfg = Debug|Any CPU
		{CAA7AC41-0A58-4F4A-8EA3-2BD4F83EC33E}.Release|Any CPU.ActiveCfg = Release|Any CPU
		{CAA7AC41-0A58-4F4A-8EA3-2BD4F83EC33E}.Release|x64.ActiveCfg = Release|Any CPU
		{CAA7AC41-0A58-4F4A-8EA3-2BD4F83EC33E}.Release|x86.ActiveCfg = Release|Any CPU
		{2EF254AF-409A-436D-926E-4DB9E4AC2D9C}.Debug|Any CPU.ActiveCfg = Debug|Any CPU
		{2EF254AF-409A-436D-926E-4DB9E4AC2D9C}.Debug|x64.ActiveCfg = Debug|Any CPU
		{2EF254AF-409A-436D-926E-4DB9E4AC2D9C}.Debug|x86.ActiveCfg = Debug|Any CPU
		{2EF254AF-409A-436D-926E-4DB9E4AC2D9C}.Release|Any CPU.ActiveCfg = Release|Any CPU
		{2EF254AF-409A-436D-926E-4DB9E4AC2D9C}.Release|x64.ActiveCfg = Release|Any CPU
		{2EF254AF-409A-436D-926E-4DB9E4AC2D9C}.Release|x86.ActiveCfg = Release|Any CPU
		{A992198E-237F-4B16-8E43-CCCBCEAABD1F}.Debug|Any CPU.ActiveCfg = Debug|Any CPU
		{A992198E-237F-4B16-8E43-CCCBCEAABD1F}.Debug|x64.ActiveCfg = Debug|Any CPU
		{A992198E-237F-4B16-8E43-CCCBCEAABD1F}.Debug|x86.ActiveCfg = Debug|Any CPU
		{A992198E-237F-4B16-8E43-CCCBCEAABD1F}.Release|Any CPU.ActiveCfg = Release|Any CPU
		{A992198E-237F-4B16-8E43-CCCBCEAABD1F}.Release|x64.ActiveCfg = Release|Any CPU
		{A992198E-237F-4B16-8E43-CCCBCEAABD1F}.Release|x86.ActiveCfg = Release|Any CPU
		{44F5DA63-225B-4644-9427-B5E0438E37F7}.Debug|Any CPU.ActiveCfg = Debug|Any CPU
		{44F5DA63-225B-4644-9427-B5E0438E37F7}.Debug|x64.ActiveCfg = Debug|Any CPU
		{44F5DA63-225B-4644-9427-B5E0438E37F7}.Debug|x86.ActiveCfg = Debug|Any CPU
		{44F5DA63-225B-4644-9427-B5E0438E37F7}.Release|Any CPU.ActiveCfg = Release|Any CPU
		{44F5DA63-225B-4644-9427-B5E0438E37F7}.Release|x64.ActiveCfg = Release|Any CPU
		{44F5DA63-225B-4644-9427-B5E0438E37F7}.Release|x86.ActiveCfg = Release|Any CPU
		{723EE3F2-D149-4354-98F6-DBBCEA24F9AF}.Debug|Any CPU.ActiveCfg = Debug|Any CPU
		{723EE3F2-D149-4354-98F6-DBBCEA24F9AF}.Debug|x64.ActiveCfg = Debug|Any CPU
		{723EE3F2-D149-4354-98F6-DBBCEA24F9AF}.Debug|x86.ActiveCfg = Debug|Any CPU
		{723EE3F2-D149-4354-98F6-DBBCEA24F9AF}.Release|Any CPU.ActiveCfg = Release|Any CPU
		{723EE3F2-D149-4354-98F6-DBBCEA24F9AF}.Release|x64.ActiveCfg = Release|Any CPU
		{723EE3F2-D149-4354-98F6-DBBCEA24F9AF}.Release|x86.ActiveCfg = Release|Any CPU
		{F223A535-DB88-42E1-B145-E7376E63EFE5}.Debug|Any CPU.ActiveCfg = Debug|Any CPU
		{F223A535-DB88-42E1-B145-E7376E63EFE5}.Debug|x64.ActiveCfg = Debug|Any CPU
		{F223A535-DB88-42E1-B145-E7376E63EFE5}.Debug|x86.ActiveCfg = Debug|Any CPU
		{F223A535-DB88-42E1-B145-E7376E63EFE5}.Release|Any CPU.ActiveCfg = Release|Any CPU
		{F223A535-DB88-42E1-B145-E7376E63EFE5}.Release|x64.ActiveCfg = Release|Any CPU
		{F223A535-DB88-42E1-B145-E7376E63EFE5}.Release|x86.ActiveCfg = Release|Any CPU
		{50EE10D9-95F4-479A-B51B-E6AB082FA9C4}.Debug|Any CPU.ActiveCfg = Debug|Any CPU
		{50EE10D9-95F4-479A-B51B-E6AB082FA9C4}.Debug|x64.ActiveCfg = Debug|Any CPU
		{50EE10D9-95F4-479A-B51B-E6AB082FA9C4}.Debug|x86.ActiveCfg = Debug|Any CPU
		{50EE10D9-95F4-479A-B51B-E6AB082FA9C4}.Release|Any CPU.ActiveCfg = Release|Any CPU
		{50EE10D9-95F4-479A-B51B-E6AB082FA9C4}.Release|x64.ActiveCfg = Release|Any CPU
		{50EE10D9-95F4-479A-B51B-E6AB082FA9C4}.Release|x86.ActiveCfg = Release|Any CPU
		{A8D7B1D9-B8AA-43BC-B247-DEB1DEA51D08}.Debug|Any CPU.ActiveCfg = Debug|Any CPU
		{A8D7B1D9-B8AA-43BC-B247-DEB1DEA51D08}.Debug|x64.ActiveCfg = Debug|Any CPU
		{A8D7B1D9-B8AA-43BC-B247-DEB1DEA51D08}.Debug|x86.ActiveCfg = Debug|Any CPU
		{A8D7B1D9-B8AA-43BC-B247-DEB1DEA51D08}.Release|Any CPU.ActiveCfg = Release|Any CPU
		{A8D7B1D9-B8AA-43BC-B247-DEB1DEA51D08}.Release|x64.ActiveCfg = Release|Any CPU
		{A8D7B1D9-B8AA-43BC-B247-DEB1DEA51D08}.Release|x86.ActiveCfg = Release|Any CPU
		{851E6260-86A3-43AE-B685-3248B6CEABFB}.Debug|Any CPU.ActiveCfg = Debug|Any CPU
		{851E6260-86A3-43AE-B685-3248B6CEABFB}.Debug|x64.ActiveCfg = Debug|Any CPU
		{851E6260-86A3-43AE-B685-3248B6CEABFB}.Debug|x86.ActiveCfg = Debug|Any CPU
		{851E6260-86A3-43AE-B685-3248B6CEABFB}.Release|Any CPU.ActiveCfg = Release|Any CPU
		{851E6260-86A3-43AE-B685-3248B6CEABFB}.Release|x64.ActiveCfg = Release|Any CPU
		{851E6260-86A3-43AE-B685-3248B6CEABFB}.Release|x86.ActiveCfg = Release|Any CPU
		{0BB852AC-D498-483C-9902-3BE4A729F9E3}.Debug|Any CPU.ActiveCfg = Debug|Any CPU
		{0BB852AC-D498-483C-9902-3BE4A729F9E3}.Debug|x64.ActiveCfg = Debug|Any CPU
		{0BB852AC-D498-483C-9902-3BE4A729F9E3}.Debug|x86.ActiveCfg = Debug|Any CPU
		{0BB852AC-D498-483C-9902-3BE4A729F9E3}.Release|Any CPU.ActiveCfg = Release|Any CPU
		{0BB852AC-D498-483C-9902-3BE4A729F9E3}.Release|x64.ActiveCfg = Release|Any CPU
		{0BB852AC-D498-483C-9902-3BE4A729F9E3}.Release|x86.ActiveCfg = Release|Any CPU
		{11ADC37C-3438-40C3-B0C0-9BCBA7F035CA}.Debug|Any CPU.ActiveCfg = Debug|Any CPU
		{11ADC37C-3438-40C3-B0C0-9BCBA7F035CA}.Debug|x64.ActiveCfg = Debug|Any CPU
		{11ADC37C-3438-40C3-B0C0-9BCBA7F035CA}.Debug|x86.ActiveCfg = Debug|Any CPU
		{11ADC37C-3438-40C3-B0C0-9BCBA7F035CA}.Release|Any CPU.ActiveCfg = Release|Any CPU
		{11ADC37C-3438-40C3-B0C0-9BCBA7F035CA}.Release|x64.ActiveCfg = Release|Any CPU
		{11ADC37C-3438-40C3-B0C0-9BCBA7F035CA}.Release|x86.ActiveCfg = Release|Any CPU
		{A3083B07-3AA7-4AA5-8992-10BA2A5A982B}.Debug|Any CPU.ActiveCfg = Debug|Any CPU
		{A3083B07-3AA7-4AA5-8992-10BA2A5A982B}.Debug|x64.ActiveCfg = Debug|Any CPU
		{A3083B07-3AA7-4AA5-8992-10BA2A5A982B}.Debug|x86.ActiveCfg = Debug|Any CPU
		{A3083B07-3AA7-4AA5-8992-10BA2A5A982B}.Release|Any CPU.ActiveCfg = Release|Any CPU
		{A3083B07-3AA7-4AA5-8992-10BA2A5A982B}.Release|x64.ActiveCfg = Release|Any CPU
		{A3083B07-3AA7-4AA5-8992-10BA2A5A982B}.Release|x86.ActiveCfg = Release|Any CPU
		{EF98B2F8-58D3-449A-A05D-1B952FB13FA0}.Debug|Any CPU.ActiveCfg = Debug|Any CPU
		{EF98B2F8-58D3-449A-A05D-1B952FB13FA0}.Debug|x64.ActiveCfg = Debug|Any CPU
		{EF98B2F8-58D3-449A-A05D-1B952FB13FA0}.Debug|x86.ActiveCfg = Debug|Any CPU
		{EF98B2F8-58D3-449A-A05D-1B952FB13FA0}.Release|Any CPU.ActiveCfg = Release|Any CPU
		{EF98B2F8-58D3-449A-A05D-1B952FB13FA0}.Release|x64.ActiveCfg = Release|Any CPU
		{EF98B2F8-58D3-449A-A05D-1B952FB13FA0}.Release|x86.ActiveCfg = Release|Any CPU
		{CBE7A0DF-C920-4054-9B58-F0EFCFA53927}.Debug|Any CPU.ActiveCfg = Debug|Any CPU
		{CBE7A0DF-C920-4054-9B58-F0EFCFA53927}.Debug|x64.ActiveCfg = Debug|Any CPU
		{CBE7A0DF-C920-4054-9B58-F0EFCFA53927}.Debug|x86.ActiveCfg = Debug|Any CPU
		{CBE7A0DF-C920-4054-9B58-F0EFCFA53927}.Release|Any CPU.ActiveCfg = Release|Any CPU
		{CBE7A0DF-C920-4054-9B58-F0EFCFA53927}.Release|x64.ActiveCfg = Release|Any CPU
		{CBE7A0DF-C920-4054-9B58-F0EFCFA53927}.Release|x86.ActiveCfg = Release|Any CPU
		{291D6BD8-4270-442F-AB76-3A43CEDBF897}.Debug|Any CPU.ActiveCfg = Debug|Any CPU
		{291D6BD8-4270-442F-AB76-3A43CEDBF897}.Debug|x64.ActiveCfg = Debug|Any CPU
		{291D6BD8-4270-442F-AB76-3A43CEDBF897}.Debug|x86.ActiveCfg = Debug|Any CPU
		{291D6BD8-4270-442F-AB76-3A43CEDBF897}.Release|Any CPU.ActiveCfg = Release|Any CPU
		{291D6BD8-4270-442F-AB76-3A43CEDBF897}.Release|x64.ActiveCfg = Release|Any CPU
		{291D6BD8-4270-442F-AB76-3A43CEDBF897}.Release|x86.ActiveCfg = Release|Any CPU
		{20AF6569-5152-40EA-914C-17191B84E405}.Debug|Any CPU.ActiveCfg = Debug|Any CPU
		{20AF6569-5152-40EA-914C-17191B84E405}.Debug|x64.ActiveCfg = Debug|Any CPU
		{20AF6569-5152-40EA-914C-17191B84E405}.Debug|x86.ActiveCfg = Debug|Any CPU
		{20AF6569-5152-40EA-914C-17191B84E405}.Release|Any CPU.ActiveCfg = Release|Any CPU
		{20AF6569-5152-40EA-914C-17191B84E405}.Release|x64.ActiveCfg = Release|Any CPU
		{20AF6569-5152-40EA-914C-17191B84E405}.Release|x86.ActiveCfg = Release|Any CPU
		{A26CAD55-DF64-48A2-9C7E-2368FB8E2474}.Debug|Any CPU.ActiveCfg = Debug|Any CPU
		{A26CAD55-DF64-48A2-9C7E-2368FB8E2474}.Debug|x64.ActiveCfg = Debug|Any CPU
		{A26CAD55-DF64-48A2-9C7E-2368FB8E2474}.Debug|x86.ActiveCfg = Debug|Any CPU
		{A26CAD55-DF64-48A2-9C7E-2368FB8E2474}.Release|Any CPU.ActiveCfg = Release|Any CPU
		{A26CAD55-DF64-48A2-9C7E-2368FB8E2474}.Release|x64.ActiveCfg = Release|Any CPU
		{A26CAD55-DF64-48A2-9C7E-2368FB8E2474}.Release|x86.ActiveCfg = Release|Any CPU
		{33A4AC2E-F817-4D93-8025-01B24287EDA7}.Debug|Any CPU.ActiveCfg = Debug|Any CPU
		{33A4AC2E-F817-4D93-8025-01B24287EDA7}.Debug|x64.ActiveCfg = Debug|Any CPU
		{33A4AC2E-F817-4D93-8025-01B24287EDA7}.Debug|x86.ActiveCfg = Debug|Any CPU
		{33A4AC2E-F817-4D93-8025-01B24287EDA7}.Release|Any CPU.ActiveCfg = Release|Any CPU
		{33A4AC2E-F817-4D93-8025-01B24287EDA7}.Release|x64.ActiveCfg = Release|Any CPU
		{33A4AC2E-F817-4D93-8025-01B24287EDA7}.Release|x86.ActiveCfg = Release|Any CPU
		{F9F10B8D-A2CE-4403-A81E-E5DA09855C34}.Debug|Any CPU.ActiveCfg = Debug|Any CPU
		{F9F10B8D-A2CE-4403-A81E-E5DA09855C34}.Debug|x64.ActiveCfg = Debug|Any CPU
		{F9F10B8D-A2CE-4403-A81E-E5DA09855C34}.Debug|x86.ActiveCfg = Debug|Any CPU
		{F9F10B8D-A2CE-4403-A81E-E5DA09855C34}.Release|Any CPU.ActiveCfg = Release|Any CPU
		{F9F10B8D-A2CE-4403-A81E-E5DA09855C34}.Release|x64.ActiveCfg = Release|Any CPU
		{F9F10B8D-A2CE-4403-A81E-E5DA09855C34}.Release|x86.ActiveCfg = Release|Any CPU
		{3D2B8DA9-9E66-49A9-8590-195A89A7702C}.Debug|Any CPU.ActiveCfg = Debug|Any CPU
		{3D2B8DA9-9E66-49A9-8590-195A89A7702C}.Debug|x64.ActiveCfg = Debug|Any CPU
		{3D2B8DA9-9E66-49A9-8590-195A89A7702C}.Debug|x86.ActiveCfg = Debug|Any CPU
		{3D2B8DA9-9E66-49A9-8590-195A89A7702C}.Release|Any CPU.ActiveCfg = Release|Any CPU
		{3D2B8DA9-9E66-49A9-8590-195A89A7702C}.Release|x64.ActiveCfg = Release|Any CPU
		{3D2B8DA9-9E66-49A9-8590-195A89A7702C}.Release|x86.ActiveCfg = Release|Any CPU
		{E4279A1A-757E-418D-89D2-E75520FB18E7}.Debug|Any CPU.ActiveCfg = Debug|Any CPU
		{E4279A1A-757E-418D-89D2-E75520FB18E7}.Debug|x64.ActiveCfg = Debug|Any CPU
		{E4279A1A-757E-418D-89D2-E75520FB18E7}.Debug|x86.ActiveCfg = Debug|Any CPU
		{E4279A1A-757E-418D-89D2-E75520FB18E7}.Release|Any CPU.ActiveCfg = Release|Any CPU
		{E4279A1A-757E-418D-89D2-E75520FB18E7}.Release|x64.ActiveCfg = Release|Any CPU
		{E4279A1A-757E-418D-89D2-E75520FB18E7}.Release|x86.ActiveCfg = Release|Any CPU
	EndGlobalSection
	GlobalSection(SolutionProperties) = preSolution
		HideSolutionNode = FALSE
	EndGlobalSection
	GlobalSection(ExtensibilityGlobals) = postSolution
		SolutionGuid = {EC6F65FB-A681-4E7D-A96B-28846CA19AB0}
	EndGlobalSection
EndGlobal
